
Microsoft Visual Studio Solution File, Format Version 12.00
# Visual Studio Version 16
VisualStudioVersion = 16.0.30406.217
MinimumVisualStudioVersion = 10.0.40219.1
Project("{FAE04EC0-301F-11D3-BF4B-00C04F79EFBC}") = "MelBoxServer", "MelBoxServer\MelBoxServer.csproj", "{DB4EAFA5-BD75-4A49-8CF5-A8D6A5CB5E59}"
EndProject
Project("{FAE04EC0-301F-11D3-BF4B-00C04F79EFBC}") = "MelBoxSql", "MelBoxSql\MelBoxSql.csproj", "{15ADA787-941B-41AA-83B5-C2AC51831AE3}"
EndProject
Project("{FAE04EC0-301F-11D3-BF4B-00C04F79EFBC}") = "MelBoxGsm", "MelBoxGsm\MelBoxGsm.csproj", "{06DA638E-4B92-450C-8F27-1BD5D282ECC7}"
EndProject
Global
	GlobalSection(SolutionConfigurationPlatforms) = preSolution
		Debug|Any CPU = Debug|Any CPU
		Release|Any CPU = Release|Any CPU
	EndGlobalSection
	GlobalSection(ProjectConfigurationPlatforms) = postSolution
		{DB4EAFA5-BD75-4A49-8CF5-A8D6A5CB5E59}.Debug|Any CPU.ActiveCfg = Debug|Any CPU
		{DB4EAFA5-BD75-4A49-8CF5-A8D6A5CB5E59}.Debug|Any CPU.Build.0 = Debug|Any CPU
		{DB4EAFA5-BD75-4A49-8CF5-A8D6A5CB5E59}.Release|Any CPU.ActiveCfg = Release|Any CPU
		{DB4EAFA5-BD75-4A49-8CF5-A8D6A5CB5E59}.Release|Any CPU.Build.0 = Release|Any CPU
		{15ADA787-941B-41AA-83B5-C2AC51831AE3}.Debug|Any CPU.ActiveCfg = Debug|Any CPU
		{15ADA787-941B-41AA-83B5-C2AC51831AE3}.Debug|Any CPU.Build.0 = Debug|Any CPU
		{15ADA787-941B-41AA-83B5-C2AC51831AE3}.Release|Any CPU.ActiveCfg = Release|Any CPU
		{15ADA787-941B-41AA-83B5-C2AC51831AE3}.Release|Any CPU.Build.0 = Release|Any CPU
		{06DA638E-4B92-450C-8F27-1BD5D282ECC7}.Debug|Any CPU.ActiveCfg = Debug|Any CPU
		{06DA638E-4B92-450C-8F27-1BD5D282ECC7}.Debug|Any CPU.Build.0 = Debug|Any CPU
		{06DA638E-4B92-450C-8F27-1BD5D282ECC7}.Release|Any CPU.ActiveCfg = Release|Any CPU
		{06DA638E-4B92-450C-8F27-1BD5D282ECC7}.Release|Any CPU.Build.0 = Release|Any CPU
	EndGlobalSection
	GlobalSection(SolutionProperties) = preSolution
		HideSolutionNode = FALSE
	EndGlobalSection
	GlobalSection(ExtensibilityGlobals) = postSolution
		SolutionGuid = {6500AA2C-2190-4D72-83C9-D83254ADA67C}
	EndGlobalSection
EndGlobal
